
Microsoft Visual Studio Solution File, Format Version 12.00
# Visual Studio 15
VisualStudioVersion = 15.0.27130.2027
MinimumVisualStudioVersion = 10.0.40219.1
Project("{FAE04EC0-301F-11D3-BF4B-00C04F79EFBC}") = "PHFoodManagement", "PHFoodManagement\PHFoodManagement.csproj", "{90F1B529-9E1C-4F1D-A627-220323DA7F71}"
	ProjectSection(ProjectDependencies) = postProject
		{761C41E8-1652-4281-B38F-B83FC41F1617} = {761C41E8-1652-4281-B38F-B83FC41F1617}
	EndProjectSection
EndProject
Project("{FAE04EC0-301F-11D3-BF4B-00C04F79EFBC}") = "PHFoodOrderWebService", "PHFoodOrderWebService\PHFoodOrderWebService.csproj", "{761C41E8-1652-4281-B38F-B83FC41F1617}"
EndProject
Global
	GlobalSection(SolutionConfigurationPlatforms) = preSolution
		Debug|Any CPU = Debug|Any CPU
		Release|Any CPU = Release|Any CPU
	EndGlobalSection
	GlobalSection(ProjectConfigurationPlatforms) = postSolution
		{90F1B529-9E1C-4F1D-A627-220323DA7F71}.Debug|Any CPU.ActiveCfg = Debug|Any CPU
		{90F1B529-9E1C-4F1D-A627-220323DA7F71}.Debug|Any CPU.Build.0 = Debug|Any CPU
		{90F1B529-9E1C-4F1D-A627-220323DA7F71}.Release|Any CPU.ActiveCfg = Release|Any CPU
		{90F1B529-9E1C-4F1D-A627-220323DA7F71}.Release|Any CPU.Build.0 = Release|Any CPU
		{761C41E8-1652-4281-B38F-B83FC41F1617}.Debug|Any CPU.ActiveCfg = Debug|Any CPU
		{761C41E8-1652-4281-B38F-B83FC41F1617}.Debug|Any CPU.Build.0 = Debug|Any CPU
		{761C41E8-1652-4281-B38F-B83FC41F1617}.Release|Any CPU.ActiveCfg = Release|Any CPU
		{761C41E8-1652-4281-B38F-B83FC41F1617}.Release|Any CPU.Build.0 = Release|Any CPU
	EndGlobalSection
	GlobalSection(SolutionProperties) = preSolution
		HideSolutionNode = FALSE
	EndGlobalSection
	GlobalSection(ExtensibilityGlobals) = postSolution
		SolutionGuid = {52610A6F-242A-44D6-BCC8-773FA5103A67}
	EndGlobalSection
EndGlobal
